
Microsoft Visual Studio Solution File, Format Version 12.00
# Visual Studio 14
VisualStudioVersion = 14.0.25420.1
MinimumVisualStudioVersion = 10.0.40219.1
Project("{FAE04EC0-301F-11D3-BF4B-00C04F79EFBC}") = "RpgSaaS", "RpgSaaS\RpgSaaS.csproj", "{089ABDA8-A7D8-44D6-BDC7-56ACE33C5725}"
EndProject
Project("{FAE04EC0-301F-11D3-BF4B-00C04F79EFBC}") = "EntityBase", "EntityBase\EntityBase.csproj", "{05C2A9CF-4523-4748-A4EE-07BCD18E0B98}"
EndProject
Global
	GlobalSection(SolutionConfigurationPlatforms) = preSolution
		Debug|Any CPU = Debug|Any CPU
		Release|Any CPU = Release|Any CPU
	EndGlobalSection
	GlobalSection(ProjectConfigurationPlatforms) = postSolution
		{089ABDA8-A7D8-44D6-BDC7-56ACE33C5725}.Debug|Any CPU.ActiveCfg = Debug|Any CPU
		{089ABDA8-A7D8-44D6-BDC7-56ACE33C5725}.Debug|Any CPU.Build.0 = Debug|Any CPU
		{089ABDA8-A7D8-44D6-BDC7-56ACE33C5725}.Release|Any CPU.ActiveCfg = Release|Any CPU
		{089ABDA8-A7D8-44D6-BDC7-56ACE33C5725}.Release|Any CPU.Build.0 = Release|Any CPU
		{05C2A9CF-4523-4748-A4EE-07BCD18E0B98}.Debug|Any CPU.ActiveCfg = Debug|Any CPU
		{05C2A9CF-4523-4748-A4EE-07BCD18E0B98}.Debug|Any CPU.Build.0 = Debug|Any CPU
		{05C2A9CF-4523-4748-A4EE-07BCD18E0B98}.Release|Any CPU.ActiveCfg = Release|Any CPU
		{05C2A9CF-4523-4748-A4EE-07BCD18E0B98}.Release|Any CPU.Build.0 = Release|Any CPU
	EndGlobalSection
	GlobalSection(SolutionProperties) = preSolution
		HideSolutionNode = FALSE
	EndGlobalSection
EndGlobal
